
Microsoft Visual Studio Solution File, Format Version 12.00
# Visual Studio Version 16
VisualStudioVersion = 16.0.28803.156
MinimumVisualStudioVersion = 10.0.40219.1
Project("{FAE04EC0-301F-11D3-BF4B-00C04F79EFBC}") = "MVCDemo", "MVCDemo\MVCDemo.csproj", "{1C3ABB84-B5D7-4936-99FC-5BB65B0CB1FB}"
EndProject
Project("{FAE04EC0-301F-11D3-BF4B-00C04F79EFBC}") = "MVCDemo.Tests", "MVCDemo.Tests\MVCDemo.Tests.csproj", "{4A3E9EA1-A91D-4DBD-BA0F-0087E37390B1}"
EndProject
Global
	GlobalSection(SolutionConfigurationPlatforms) = preSolution
		Debug|Any CPU = Debug|Any CPU
		Release|Any CPU = Release|Any CPU
	EndGlobalSection
	GlobalSection(ProjectConfigurationPlatforms) = postSolution
		{1C3ABB84-B5D7-4936-99FC-5BB65B0CB1FB}.Debug|Any CPU.ActiveCfg = Debug|Any CPU
		{1C3ABB84-B5D7-4936-99FC-5BB65B0CB1FB}.Debug|Any CPU.Build.0 = Debug|Any CPU
		{1C3ABB84-B5D7-4936-99FC-5BB65B0CB1FB}.Release|Any CPU.ActiveCfg = Release|Any CPU
		{1C3ABB84-B5D7-4936-99FC-5BB65B0CB1FB}.Release|Any CPU.Build.0 = Release|Any CPU
		{4A3E9EA1-A91D-4DBD-BA0F-0087E37390B1}.Debug|Any CPU.ActiveCfg = Debug|Any CPU
		{4A3E9EA1-A91D-4DBD-BA0F-0087E37390B1}.Debug|Any CPU.Build.0 = Debug|Any CPU
		{4A3E9EA1-A91D-4DBD-BA0F-0087E37390B1}.Release|Any CPU.ActiveCfg = Release|Any CPU
		{4A3E9EA1-A91D-4DBD-BA0F-0087E37390B1}.Release|Any CPU.Build.0 = Release|Any CPU
	EndGlobalSection
	GlobalSection(SolutionProperties) = preSolution
		HideSolutionNode = FALSE
	EndGlobalSection
	GlobalSection(ExtensibilityGlobals) = postSolution
		SolutionGuid = {D207B331-B050-4844-B756-43B871D7C50D}
	EndGlobalSection
EndGlobal
